# THIS IS AN AUTOGENERATED FILE. DO NOT EDIT THIS FILE DIRECTLY.
# yarn lockfile v1


deepmerge@^4.3.1:
  version "4.3.1"
  resolved "https://registry.yarnpkg.com/deepmerge/-/deepmerge-4.3.1.tgz#44b5f2147cd3b00d4b56137685966f26fd25dd4a"
  integrity sha512-3sUqbMEc77XqpdNO7FRyRog+eW3ph+GYCbj+rK+uYyRMuwsVy0rMiVtPn+QJlKFvWP/1PYpapqYn0Me2knFn+A==

nestjs-zod@^5.0.1:
  version "5.0.1"
  resolved "https://registry.yarnpkg.com/nestjs-zod/-/nestjs-zod-5.0.1.tgz#4eeb8855c3ebb6789c8a986964624d9a25cba61b"
  integrity sha512-IjK99tpK+04UobLJJA5tlHv94Ml3wNWiRr7pRVDFJ62Jy/c/aYhMQa90WKiy7qUcmIDMWyPHQpHQN/MehESOmw==
  dependencies:
    deepmerge "^4.3.1"

zod@^4.1.12:
  version "4.1.12"
  resolved "https://registry.yarnpkg.com/zod/-/zod-4.1.12.tgz#64f1ea53d00eab91853195653b5af9eee68970f0"
  integrity sha512-JInaHOamG8pt5+Ey8kGmdcAcg3OL9reK8ltczgHTAwNhMys/6ThXHityHxVV2p3fkw/c+MAvBHFVYHFZDmjMCQ==
